// !$*UTF8*$!
{
	archiveVersion = 1;
	classes = {
	};
	objectVersion = 50;
	objects = {

/* Begin PBXBuildFile section */
		2E0B6BDF2325E78800502DC0 /* README.md in Resources */ = {isa = PBXBuildFile; fileRef = 2E0B6BDE2325E78800502DC0 /* README.md */; };
		2E3911792325B13800DDF8A5 /* AppDelegate.swift in Sources */ = {isa = PBXBuildFile; fileRef = 2E3911782325B13800DDF8A5 /* AppDelegate.swift */; };
		2E39117B2325B13800DDF8A5 /* ViewController.swift in Sources */ = {isa = PBXBuildFile; fileRef = 2E39117A2325B13800DDF8A5 /* ViewController.swift */; };
		2E39117E2325B13800DDF8A5 /* Main.storyboard in Resources */ = {isa = PBXBuildFile; fileRef = 2E39117C2325B13800DDF8A5 /* Main.storyboard */; };
		2E3911802325B13B00DDF8A5 /* Assets.xcassets in Resources */ = {isa = PBXBuildFile; fileRef = 2E39117F2325B13B00DDF8A5 /* Assets.xcassets */; };
		2E3911832325B13B00DDF8A5 /* LaunchScreen.storyboard in Resources */ = {isa = PBXBuildFile; fileRef = 2E3911812325B13B00DDF8A5 /* LaunchScreen.storyboard */; };
/* End PBXBuildFile section */

/* Begin PBXFileReference section */
		2E0B6BDD2325D9D400502DC0 /* Gladly Chat Example App.entitlements */ = {isa = PBXFileReference; lastKnownFileType = text.plist.entitlements; path = "Gladly Chat Example App.entitlements"; sourceTree = "<group>"; };
		2E0B6BDE2325E78800502DC0 /* README.md */ = {isa = PBXFileReference; fileEncoding = 4; lastKnownFileType = net.daringfireball.markdown; path = README.md; sourceTree = "<group>"; };
		2E3911752325B13800DDF8A5 /* Gladly Chat Example App.app */ = {isa = PBXFileReference; explicitFileType = wrapper.application; includeInIndex = 0; path = "Gladly Chat Example App.app"; sourceTree = BUILT_PRODUCTS_DIR; };
		2E3911782325B13800DDF8A5 /* AppDelegate.swift */ = {isa = PBXFileReference; lastKnownFileType = sourcecode.swift; path = AppDelegate.swift; sourceTree = "<group>"; };
		2E39117A2325B13800DDF8A5 /* ViewController.swift */ = {isa = PBXFileReference; lastKnownFileType = sourcecode.swift; path = ViewController.swift; sourceTree = "<group>"; };
		2E39117D2325B13800DDF8A5 /* Base */ = {isa = PBXFileReference; lastKnownFileType = file.storyboard; name = Base; path = Base.lproj/Main.storyboard; sourceTree = "<group>"; };
		2E39117F2325B13B00DDF8A5 /* Assets.xcassets */ = {isa = PBXFileReference; lastKnownFileType = folder.assetcatalog; path = Assets.xcassets; sourceTree = "<group>"; };
		2E3911822325B13B00DDF8A5 /* Base */ = {isa = PBXFileReference; lastKnownFileType = file.storyboard; name = Base; path = Base.lproj/LaunchScreen.storyboard; sourceTree = "<group>"; };
		2E3911842325B13B00DDF8A5 /* Info.plist */ = {isa = PBXFileReference; lastKnownFileType = text.plist.xml; path = Info.plist; sourceTree = "<group>"; };
/* End PBXFileReference section */

/* Begin PBXFrameworksBuildPhase section */
		2E3911722325B13700DDF8A5 /* Frameworks */ = {
			isa = PBXFrameworksBuildPhase;
			buildActionMask = 2147483647;
			files = (
			);
			runOnlyForDeploymentPostprocessing = 0;
		};
/* End PBXFrameworksBuildPhase section */

/* Begin PBXGroup section */
		2E39116C2325B13700DDF8A5 = {
			isa = PBXGroup;
			children = (
				2E0B6BDE2325E78800502DC0 /* README.md */,
				2E3911772325B13800DDF8A5 /* Gladly Chat Example App */,
				2E3911762325B13800DDF8A5 /* Products */,
				2EEA1BD723BE0F2600E533DA /* Frameworks */,
			);
			sourceTree = "<group>";
		};
		2E3911762325B13800DDF8A5 /* Products */ = {
			isa = PBXGroup;
			children = (
				2E3911752325B13800DDF8A5 /* Gladly Chat Example App.app */,
			);
			name = Products;
			sourceTree = "<group>";
		};
		2E3911772325B13800DDF8A5 /* Gladly Chat Example App */ = {
			isa = PBXGroup;
			children = (
				2E0B6BDD2325D9D400502DC0 /* Gladly Chat Example App.entitlements */,
				2E3911782325B13800DDF8A5 /* AppDelegate.swift */,
				2E39117F2325B13B00DDF8A5 /* Assets.xcassets */,
				2E3911842325B13B00DDF8A5 /* Info.plist */,
				2E3911812325B13B00DDF8A5 /* LaunchScreen.storyboard */,
				2E39117C2325B13800DDF8A5 /* Main.storyboard */,
				2E39117A2325B13800DDF8A5 /* ViewController.swift */,
			);
			path = "Gladly Chat Example App";
			sourceTree = "<group>";
		};
		2EEA1BD723BE0F2600E533DA /* Frameworks */ = {
			isa = PBXGroup;
			children = (
			);
			name = Frameworks;
			sourceTree = "<group>";
		};
/* End PBXGroup section */

/* Begin PBXNativeTarget section */
		2E3911742325B13700DDF8A5 /* Gladly Chat Example App */ = {
			isa = PBXNativeTarget;
			buildConfigurationList = 2E3911872325B13B00DDF8A5 /* Build configuration list for PBXNativeTarget "Gladly Chat Example App" */;
			buildPhases = (
				2E3911712325B13700DDF8A5 /* Sources */,
				2E3911722325B13700DDF8A5 /* Frameworks */,
				2E3911732325B13700DDF8A5 /* Resources */,
			);
			buildRules = (
			);
			dependencies = (
			);
			name = "Gladly Chat Example App";
			productName = "Gladly Chat Example App";
			productReference = 2E3911752325B13800DDF8A5 /* Gladly Chat Example App.app */;
			productType = "com.apple.product-type.application";
		};
/* End PBXNativeTarget section */

/* Begin PBXProject section */
		2E39116D2325B13700DDF8A5 /* Project object */ = {
			isa = PBXProject;
			attributes = {
				LastSwiftUpdateCheck = 1030;
				LastUpgradeCheck = 1030;
				ORGANIZATIONNAME = Gladly;
				TargetAttributes = {
					2E3911742325B13700DDF8A5 = {
						CreatedOnToolsVersion = 10.3;
						SystemCapabilities = {
							com.apple.Push = {
								enabled = 1;
							};
						};
					};
				};
			};
			buildConfigurationList = 2E3911702325B13700DDF8A5 /* Build configuration list for PBXProject "Gladly Chat Example App" */;
			compatibilityVersion = "Xcode 9.3";
			developmentRegion = en;
			hasScannedForEncodings = 0;
			knownRegions = (
				en,
				Base,
			);
			mainGroup = 2E39116C2325B13700DDF8A5;
			productRefGroup = 2E3911762325B13800DDF8A5 /* Products */;
			projectDirPath = "";
			projectRoot = "";
			targets = (
				2E3911742325B13700DDF8A5 /* Gladly Chat Example App */,
			);
		};
/* End PBXProject section */

/* Begin PBXResourcesBuildPhase section */
		2E3911732325B13700DDF8A5 /* Resources */ = {
			isa = PBXResourcesBuildPhase;
			buildActionMask = 2147483647;
			files = (
				2E3911832325B13B00DDF8A5 /* LaunchScreen.storyboard in Resources */,
				2E3911802325B13B00DDF8A5 /* Assets.xcassets in Resources */,
				2E0B6BDF2325E78800502DC0 /* README.md in Resources */,
				2E39117E2325B13800DDF8A5 /* Main.storyboard in Resources */,
			);
			runOnlyForDeploymentPostprocessing = 0;
		};
/* End PBXResourcesBuildPhase section */

/* Begin PBXSourcesBuildPhase section */
		2E3911712325B13700DDF8A5 /* Sources */ = {
			isa = PBXSourcesBuildPhase;
			buildActionMask = 2147483647;
			files = (
				2E39117B2325B13800DDF8A5 /* ViewController.swift in Sources */,
				2E3911792325B13800DDF8A5 /* AppDelegate.swift in Sources */,
			);
			runOnlyForDeploymentPostprocessing = 0;
		};
/* End PBXSourcesBuildPhase section */

/* Begin PBXVariantGroup section */
		2E39117C2325B13800DDF8A5 /* Main.storyboard */ = {
			isa = PBXVariantGroup;
			children = (
				2E39117D2325B13800DDF8A5 /* Base */,
			);
			name = Main.storyboard;
			sourceTree = "<group>";
		};
		2E3911812325B13B00DDF8A5 /* LaunchScreen.storyboard */ = {
			isa = PBXVariantGroup;
			children = (
				2E3911822325B13B00DDF8A5 /* Base */,
			);
			name = LaunchScreen.storyboard;
			sourceTree = "<group>";
		};
/* End PBXVariantGroup section */

/* Begin XCBuildConfiguration section */
		2E3911852325B13B00DDF8A5 /* Debug */ = {
			isa = XCBuildConfiguration;
			buildSettings = {
				ALWAYS_SEARCH_USER_PATHS = NO;
				CLANG_ANALYZER_NONNULL = YES;
				CLANG_ANALYZER_NUMBER_OBJECT_CONVERSION = YES_AGGRESSIVE;
				CLANG_CXX_LANGUAGE_STANDARD = "gnu++14";
				CLANG_CXX_LIBRARY = "libc++";
				CLANG_ENABLE_MODULES = YES;
				CLANG_ENABLE_OBJC_ARC = YES;
				CLANG_ENABLE_OBJC_WEAK = YES;
				CLANG_WARN_BLOCK_CAPTURE_AUTORELEASING = YES;
				CLANG_WARN_BOOL_CONVERSION = YES;
				CLANG_WARN_COMMA = YES;
				CLANG_WARN_CONSTANT_CONVERSION = YES;
				CLANG_WARN_DEPRECATED_OBJC_IMPLEMENTATIONS = YES;
				CLANG_WARN_DIRECT_OBJC_ISA_USAGE = YES_ERROR;
				CLANG_WARN_DOCUMENTATION_COMMENTS = YES;
				CLANG_WARN_EMPTY_BODY = YES;
				CLANG_WARN_ENUM_CONVERSION = YES;
				CLANG_WARN_INFINITE_RECURSION = YES;
				CLANG_WARN_INT_CONVERSION = YES;
				CLANG_WARN_NON_LITERAL_NULL_CONVERSION = YES;
				CLANG_WARN_OBJC_IMPLICIT_RETAIN_SELF = YES;
				CLANG_WARN_OBJC_LITERAL_CONVERSION = YES;
				CLANG_WARN_OBJC_ROOT_CLASS = YES_ERROR;
				CLANG_WARN_RANGE_LOOP_ANALYSIS = YES;
				CLANG_WARN_STRICT_PROTOTYPES = YES;
				CLANG_WARN_SUSPICIOUS_MOVE = YES;
				CLANG_WARN_UNGUARDED_AVAILABILITY = YES_AGGRESSIVE;
				CLANG_WARN_UNREACHABLE_CODE = YES;
				CLANG_WARN__DUPLICATE_METHOD_MATCH = YES;
				CODE_SIGN_IDENTITY = "iPhone Developer";
				COPY_PHASE_STRIP = NO;
				DEBUG_INFORMATION_FORMAT = dwarf;
				ENABLE_STRICT_OBJC_MSGSEND = YES;
				ENABLE_TESTABILITY = YES;
				GCC_C_LANGUAGE_STANDARD = gnu11;
				GCC_DYNAMIC_NO_PIC = NO;
				GCC_NO_COMMON_BLOCKS = YES;
				GCC_OPTIMIZATION_LEVEL = 0;
				GCC_PREPROCESSOR_DEFINITIONS = (
					"DEBUG=1",
					"$(inherited)",
				);
				GCC_WARN_64_TO_32_BIT_CONVERSION = YES;
				GCC_WARN_ABOUT_RETURN_TYPE = YES_ERROR;
				GCC_WARN_UNDECLARED_SELECTOR = YES;
				GCC_WARN_UNINITIALIZED_AUTOS = YES_AGGRESSIVE;
				GCC_WARN_UNUSED_FUNCTION = YES;
				GCC_WARN_UNUSED_VARIABLE = YES;
				IPHONEOS_DEPLOYMENT_TARGET = 12.4;
				MTL_ENABLE_DEBUG_INFO = INCLUDE_SOURCE;
				MTL_FAST_MATH = YES;
				ONLY_ACTIVE_ARCH = YES;
				SDKROOT = iphoneos;
				SWIFT_ACTIVE_COMPILATION_CONDITIONS = DEBUG;
				SWIFT_OPTIMIZATION_LEVEL = "-Onone";
			};
			name = Debug;
		};
		2E3911862325B13B00DDF8A5 /* Release */ = {
			isa = XCBuildConfiguration;
			buildSettings = {
				ALWAYS_SEARCH_USER_PATHS = NO;
				CLANG_ANALYZER_NONNULL = YES;
				CLANG_ANALYZER_NUMBER_OBJECT_CONVERSION = YES_AGGRESSIVE;
				CLANG_CXX_LANGUAGE_STANDARD = "gnu++14";
				CLANG_CXX_LIBRARY = "libc++";
				CLANG_ENABLE_MODULES = YES;
				CLANG_ENABLE_OBJC_ARC = YES;
				CLANG_ENABLE_OBJC_WEAK = YES;
				CLANG_WARN_BLOCK_CAPTURE_AUTORELEASING = YES;
				CLANG_WARN_BOOL_CONVERSION = YES;
				CLANG_WARN_COMMA = YES;
				CLANG_WARN_CONSTANT_CONVERSION = YES;
				CLANG_WARN_DEPRECATED_OBJC_IMPLEMENTATIONS = YES;
				CLANG_WARN_DIRECT_OBJC_ISA_USAGE = YES_ERROR;
				CLANG_WARN_DOCUMENTATION_COMMENTS = YES;
				CLANG_WARN_EMPTY_BODY = YES;
				CLANG_WARN_ENUM_CONVERSION = YES;
				CLANG_WARN_INFINITE_RECURSION = YES;
				CLANG_WARN_INT_CONVERSION = YES;
				CLANG_WARN_NON_LITERAL_NULL_CONVERSION = YES;
				CLANG_WARN_OBJC_IMPLICIT_RETAIN_SELF = YES;
				CLANG_WARN_OBJC_LITERAL_CONVERSION = YES;
				CLANG_WARN_OBJC_ROOT_CLASS = YES_ERROR;
				CLANG_WARN_RANGE_LOOP_ANALYSIS = YES;
				CLANG_WARN_STRICT_PROTOTYPES = YES;
				CLANG_WARN_SUSPICIOUS_MOVE = YES;
				CLANG_WARN_UNGUARDED_AVAILABILITY = YES_AGGRESSIVE;
				CLANG_WARN_UNREACHABLE_CODE = YES;
				CLANG_WARN__DUPLICATE_METHOD_MATCH = YES;
				CODE_SIGN_IDENTITY = "iPhone Developer";
				COPY_PHASE_STRIP = NO;
				DEBUG_INFORMATION_FORMAT = "dwarf-with-dsym";
				ENABLE_NS_ASSERTIONS = NO;
				ENABLE_STRICT_OBJC_MSGSEND = YES;
				GCC_C_LANGUAGE_STANDARD = gnu11;
				GCC_NO_COMMON_BLOCKS = YES;
				GCC_WARN_64_TO_32_BIT_CONVERSION = YES;
				GCC_WARN_ABOUT_RETURN_TYPE = YES_ERROR;
				GCC_WARN_UNDECLARED_SELECTOR = YES;
				GCC_WARN_UNINITIALIZED_AUTOS = YES_AGGRESSIVE;
				GCC_WARN_UNUSED_FUNCTION = YES;
				GCC_WARN_UNUSED_VARIABLE = YES;
				IPHONEOS_DEPLOYMENT_TARGET = 12.4;
				MTL_ENABLE_DEBUG_INFO = NO;
				MTL_FAST_MATH = YES;
				SDKROOT = iphoneos;
				SWIFT_COMPILATION_MODE = wholemodule;
				SWIFT_OPTIMIZATION_LEVEL = "-O";
				VALIDATE_PRODUCT = YES;
			};
			name = Release;
		};
		2E3911882325B13B00DDF8A5 /* Debug */ = {
			isa = XCBuildConfiguration;
			buildSettings = {
				ASSETCATALOG_COMPILER_APPICON_NAME = AppIcon;
				CODE_SIGN_ENTITLEMENTS = "Gladly Chat Example App/Gladly Chat Example App.entitlements";
				CODE_SIGN_STYLE = Automatic;
				DEVELOPMENT_ASSET_PATHS = "";
				DEVELOPMENT_TEAM = WYUZ8W9YQW;
				FRAMEWORK_SEARCH_PATHS = (
					"$(inherited)",
					"$(PROJECT_DIR)",
				);
				INFOPLIST_FILE = "Gladly Chat Example App/Info.plist";
				LD_RUNPATH_SEARCH_PATHS = (
					"$(inherited)",
					"@executable_path/Frameworks",
				);
				PRODUCT_BUNDLE_IDENTIFIER = "come.gladly.Gladly-Chat-Example-App";
				PRODUCT_NAME = "$(TARGET_NAME)";
				SWIFT_VERSION = 5.0;
				TARGETED_DEVICE_FAMILY = "1,2";
			};
			name = Debug;
		};
		2E3911892325B13B00DDF8A5 /* Release */ = {
			isa = XCBuildConfiguration;
			buildSettings = {
				ASSETCATALOG_COMPILER_APPICON_NAME = AppIcon;
				CODE_SIGN_ENTITLEMENTS = "Gladly Chat Example App/Gladly Chat Example App.entitlements";
				CODE_SIGN_STYLE = Automatic;
				DEVELOPMENT_ASSET_PATHS = "";
				DEVELOPMENT_TEAM = WYUZ8W9YQW;
				FRAMEWORK_SEARCH_PATHS = (
					"$(inherited)",
					"$(PROJECT_DIR)",
				);
				INFOPLIST_FILE = "Gladly Chat Example App/Info.plist";
				LD_RUNPATH_SEARCH_PATHS = (
					"$(inherited)",
					"@executable_path/Frameworks",
				);
				PRODUCT_BUNDLE_IDENTIFIER = "come.gladly.Gladly-Chat-Example-App";
				PRODUCT_NAME = "$(TARGET_NAME)";
				SWIFT_VERSION = 5.0;
				TARGETED_DEVICE_FAMILY = "1,2";
			};
			name = Release;
		};
/* End XCBuildConfiguration section */

/* Begin XCConfigurationList section */
		2E3911702325B13700DDF8A5 /* Build configuration list for PBXProject "Gladly Chat Example App" */ = {
			isa = XCConfigurationList;
			buildConfigurations = (
				2E3911852325B13B00DDF8A5 /* Debug */,
				2E3911862325B13B00DDF8A5 /* Release */,
			);
			defaultConfigurationIsVisible = 0;
			defaultConfigurationName = Release;
		};
		2E3911872325B13B00DDF8A5 /* Build configuration list for PBXNativeTarget "Gladly Chat Example App" */ = {
			isa = XCConfigurationList;
			buildConfigurations = (
				2E3911882325B13B00DDF8A5 /* Debug */,
				2E3911892325B13B00DDF8A5 /* Release */,
			);
			defaultConfigurationIsVisible = 0;
			defaultConfigurationName = Release;
		};
/* End XCConfigurationList section */
	};
	rootObject = 2E39116D2325B13700DDF8A5 /* Project object */;
}
